// !$*UTF8*$!
{
	archiveVersion = 1;
	classes = {
	};
	objectVersion = 48;
	objects = {

/* Begin PBXBuildFile section */
		83BC4F4B2064E21200DAA49D /* AppDelegate.swift in Sources */ = {isa = PBXBuildFile; fileRef = 83BC4F4A2064E21200DAA49D /* AppDelegate.swift */; };
		83BC4F4D2064E21200DAA49D /* ViewController.swift in Sources */ = {isa = PBXBuildFile; fileRef = 83BC4F4C2064E21200DAA49D /* ViewController.swift */; };
		83BC4F502064E21200DAA49D /* Main.storyboard in Resources */ = {isa = PBXBuildFile; fileRef = 83BC4F4E2064E21200DAA49D /* Main.storyboard */; };
		83BC4F522064E21200DAA49D /* Assets.xcassets in Resources */ = {isa = PBXBuildFile; fileRef = 83BC4F512064E21200DAA49D /* Assets.xcassets */; };
		83BC4F552064E21200DAA49D /* LaunchScreen.storyboard in Resources */ = {isa = PBXBuildFile; fileRef = 83BC4F532064E21200DAA49D /* LaunchScreen.storyboard */; };
		83BC4F602064E21200DAA49D /* JHLesson10___PickerTests.swift in Sources */ = {isa = PBXBuildFile; fileRef = 83BC4F5F2064E21200DAA49D /* JHLesson10___PickerTests.swift */; };
		83BC4F6B2064E21200DAA49D /* JHLesson10___PickerUITests.swift in Sources */ = {isa = PBXBuildFile; fileRef = 83BC4F6A2064E21200DAA49D /* JHLesson10___PickerUITests.swift */; };
/* End PBXBuildFile section */

/* Begin PBXContainerItemProxy section */
		83BC4F5C2064E21200DAA49D /* PBXContainerItemProxy */ = {
			isa = PBXContainerItemProxy;
			containerPortal = 83BC4F3F2064E21200DAA49D /* Project object */;
			proxyType = 1;
			remoteGlobalIDString = 83BC4F462064E21200DAA49D;
			remoteInfo = "JHLesson10 - Picker";
		};
		83BC4F672064E21200DAA49D /* PBXContainerItemProxy */ = {
			isa = PBXContainerItemProxy;
			containerPortal = 83BC4F3F2064E21200DAA49D /* Project object */;
			proxyType = 1;
			remoteGlobalIDString = 83BC4F462064E21200DAA49D;
			remoteInfo = "JHLesson10 - Picker";
		};
/* End PBXContainerItemProxy section */

/* Begin PBXFileReference section */
		83BC4F472064E21200DAA49D /* JHLesson10 - Picker.app */ = {isa = PBXFileReference; explicitFileType = wrapper.application; includeInIndex = 0; path = "JHLesson10 - Picker.app"; sourceTree = BUILT_PRODUCTS_DIR; };
		83BC4F4A2064E21200DAA49D /* AppDelegate.swift */ = {isa = PBXFileReference; lastKnownFileType = sourcecode.swift; path = AppDelegate.swift; sourceTree = "<group>"; };
		83BC4F4C2064E21200DAA49D /* ViewController.swift */ = {isa = PBXFileReference; lastKnownFileType = sourcecode.swift; path = ViewController.swift; sourceTree = "<group>"; };
		83BC4F4F2064E21200DAA49D /* Base */ = {isa = PBXFileReference; lastKnownFileType = file.storyboard; name = Base; path = Base.lproj/Main.storyboard; sourceTree = "<group>"; };
		83BC4F512064E21200DAA49D /* Assets.xcassets */ = {isa = PBXFileReference; lastKnownFileType = folder.assetcatalog; path = Assets.xcassets; sourceTree = "<group>"; };
		83BC4F542064E21200DAA49D /* Base */ = {isa = PBXFileReference; lastKnownFileType = file.storyboard; name = Base; path = Base.lproj/LaunchScreen.storyboard; sourceTree = "<group>"; };
		83BC4F562064E21200DAA49D /* Info.plist */ = {isa = PBXFileReference; lastKnownFileType = text.plist.xml; path = Info.plist; sourceTree = "<group>"; };
		83BC4F5B2064E21200DAA49D /* JHLesson10 - PickerTests.xctest */ = {isa = PBXFileReference; explicitFileType = wrapper.cfbundle; includeInIndex = 0; path = "JHLesson10 - PickerTests.xctest"; sourceTree = BUILT_PRODUCTS_DIR; };
		83BC4F5F2064E21200DAA49D /* JHLesson10___PickerTests.swift */ = {isa = PBXFileReference; lastKnownFileType = sourcecode.swift; path = "JHLesson10___PickerTests.swift"; sourceTree = "<group>"; };
		83BC4F612064E21200DAA49D /* Info.plist */ = {isa = PBXFileReference; lastKnownFileType = text.plist.xml; path = Info.plist; sourceTree = "<group>"; };
		83BC4F662064E21200DAA49D /* JHLesson10 - PickerUITests.xctest */ = {isa = PBXFileReference; explicitFileType = wrapper.cfbundle; includeInIndex = 0; path = "JHLesson10 - PickerUITests.xctest"; sourceTree = BUILT_PRODUCTS_DIR; };
		83BC4F6A2064E21200DAA49D /* JHLesson10___PickerUITests.swift */ = {isa = PBXFileReference; lastKnownFileType = sourcecode.swift; path = "JHLesson10___PickerUITests.swift"; sourceTree = "<group>"; };
		83BC4F6C2064E21200DAA49D /* Info.plist */ = {isa = PBXFileReference; lastKnownFileType = text.plist.xml; path = Info.plist; sourceTree = "<group>"; };
/* End PBXFileReference section */

/* Begin PBXFrameworksBuildPhase section */
		83BC4F442064E21200DAA49D /* Frameworks */ = {
			isa = PBXFrameworksBuildPhase;
			buildActionMask = 2147483647;
			files = (
			);
			runOnlyForDeploymentPostprocessing = 0;
		};
		83BC4F582064E21200DAA49D /* Frameworks */ = {
			isa = PBXFrameworksBuildPhase;
			buildActionMask = 2147483647;
			files = (
			);
			runOnlyForDeploymentPostprocessing = 0;
		};
		83BC4F632064E21200DAA49D /* Frameworks */ = {
			isa = PBXFrameworksBuildPhase;
			buildActionMask = 2147483647;
			files = (
			);
			runOnlyForDeploymentPostprocessing = 0;
		};
/* End PBXFrameworksBuildPhase section */

/* Begin PBXGroup section */
		83BC4F3E2064E21200DAA49D = {
			isa = PBXGroup;
			children = (
				83BC4F492064E21200DAA49D /* JHLesson10 - Picker */,
				83BC4F5E2064E21200DAA49D /* JHLesson10 - PickerTests */,
				83BC4F692064E21200DAA49D /* JHLesson10 - PickerUITests */,
				83BC4F482064E21200DAA49D /* Products */,
			);
			sourceTree = "<group>";
		};
		83BC4F482064E21200DAA49D /* Products */ = {
			isa = PBXGroup;
			children = (
				83BC4F472064E21200DAA49D /* JHLesson10 - Picker.app */,
				83BC4F5B2064E21200DAA49D /* JHLesson10 - PickerTests.xctest */,
				83BC4F662064E21200DAA49D /* JHLesson10 - PickerUITests.xctest */,
			);
			name = Products;
			sourceTree = "<group>";
		};
		83BC4F492064E21200DAA49D /* JHLesson10 - Picker */ = {
			isa = PBXGroup;
			children = (
				83BC4F4A2064E21200DAA49D /* AppDelegate.swift */,
				83BC4F4C2064E21200DAA49D /* ViewController.swift */,
				83BC4F4E2064E21200DAA49D /* Main.storyboard */,
				83BC4F512064E21200DAA49D /* Assets.xcassets */,
				83BC4F532064E21200DAA49D /* LaunchScreen.storyboard */,
				83BC4F562064E21200DAA49D /* Info.plist */,
			);
			path = "JHLesson10 - Picker";
			sourceTree = "<group>";
		};
		83BC4F5E2064E21200DAA49D /* JHLesson10 - PickerTests */ = {
			isa = PBXGroup;
			children = (
				83BC4F5F2064E21200DAA49D /* JHLesson10___PickerTests.swift */,
				83BC4F612064E21200DAA49D /* Info.plist */,
			);
			path = "JHLesson10 - PickerTests";
			sourceTree = "<group>";
		};
		83BC4F692064E21200DAA49D /* JHLesson10 - PickerUITests */ = {
			isa = PBXGroup;
			children = (
				83BC4F6A2064E21200DAA49D /* JHLesson10___PickerUITests.swift */,
				83BC4F6C2064E21200DAA49D /* Info.plist */,
			);
			path = "JHLesson10 - PickerUITests";
			sourceTree = "<group>";
		};
/* End PBXGroup section */

/* Begin PBXNativeTarget section */
		83BC4F462064E21200DAA49D /* JHLesson10 - Picker */ = {
			isa = PBXNativeTarget;
			buildConfigurationList = 83BC4F6F2064E21200DAA49D /* Build configuration list for PBXNativeTarget "JHLesson10 - Picker" */;
			buildPhases = (
				83BC4F432064E21200DAA49D /* Sources */,
				83BC4F442064E21200DAA49D /* Frameworks */,
				83BC4F452064E21200DAA49D /* Resources */,
			);
			buildRules = (
			);
			dependencies = (
			);
			name = "JHLesson10 - Picker";
			productName = "JHLesson10 - Picker";
			productReference = 83BC4F472064E21200DAA49D /* JHLesson10 - Picker.app */;
			productType = "com.apple.product-type.application";
		};
		83BC4F5A2064E21200DAA49D /* JHLesson10 - PickerTests */ = {
			isa = PBXNativeTarget;
			buildConfigurationList = 83BC4F722064E21200DAA49D /* Build configuration list for PBXNativeTarget "JHLesson10 - PickerTests" */;
			buildPhases = (
				83BC4F572064E21200DAA49D /* Sources */,
				83BC4F582064E21200DAA49D /* Frameworks */,
				83BC4F592064E21200DAA49D /* Resources */,
			);
			buildRules = (
			);
			dependencies = (
				83BC4F5D2064E21200DAA49D /* PBXTargetDependency */,
			);
			name = "JHLesson10 - PickerTests";
			productName = "JHLesson10 - PickerTests";
			productReference = 83BC4F5B2064E21200DAA49D /* JHLesson10 - PickerTests.xctest */;
			productType = "com.apple.product-type.bundle.unit-test";
		};
		83BC4F652064E21200DAA49D /* JHLesson10 - PickerUITests */ = {
			isa = PBXNativeTarget;
			buildConfigurationList = 83BC4F752064E21200DAA49D /* Build configuration list for PBXNativeTarget "JHLesson10 - PickerUITests" */;
			buildPhases = (
				83BC4F622064E21200DAA49D /* Sources */,
				83BC4F632064E21200DAA49D /* Frameworks */,
				83BC4F642064E21200DAA49D /* Resources */,
			);
			buildRules = (
			);
			dependencies = (
				83BC4F682064E21200DAA49D /* PBXTargetDependency */,
			);
			name = "JHLesson10 - PickerUITests";
			productName = "JHLesson10 - PickerUITests";
			productReference = 83BC4F662064E21200DAA49D /* JHLesson10 - PickerUITests.xctest */;
			productType = "com.apple.product-type.bundle.ui-testing";
		};
/* End PBXNativeTarget section */

/* Begin PBXProject section */
		83BC4F3F2064E21200DAA49D /* Project object */ = {
			isa = PBXProject;
			attributes = {
				LastSwiftUpdateCheck = 0920;
				LastUpgradeCheck = 0920;
				ORGANIZATIONNAME = JHSwift;
				TargetAttributes = {
					83BC4F462064E21200DAA49D = {
						CreatedOnToolsVersion = 9.2;
						ProvisioningStyle = Automatic;
					};
					83BC4F5A2064E21200DAA49D = {
						CreatedOnToolsVersion = 9.2;
						ProvisioningStyle = Automatic;
						TestTargetID = 83BC4F462064E21200DAA49D;
					};
					83BC4F652064E21200DAA49D = {
						CreatedOnToolsVersion = 9.2;
						ProvisioningStyle = Automatic;
						TestTargetID = 83BC4F462064E21200DAA49D;
					};
				};
			};
			buildConfigurationList = 83BC4F422064E21200DAA49D /* Build configuration list for PBXProject "JHLesson10 - Picker" */;
			compatibilityVersion = "Xcode 8.0";
			developmentRegion = en;
			hasScannedForEncodings = 0;
			knownRegions = (
				en,
				Base,
			);
			mainGroup = 83BC4F3E2064E21200DAA49D;
			productRefGroup = 83BC4F482064E21200DAA49D /* Products */;
			projectDirPath = "";
			projectRoot = "";
			targets = (
				83BC4F462064E21200DAA49D /* JHLesson10 - Picker */,
				83BC4F5A2064E21200DAA49D /* JHLesson10 - PickerTests */,
				83BC4F652064E21200DAA49D /* JHLesson10 - PickerUITests */,
			);
		};
/* End PBXProject section */

/* Begin PBXResourcesBuildPhase section */
		83BC4F452064E21200DAA49D /* Resources */ = {
			isa = PBXResourcesBuildPhase;
			buildActionMask = 2147483647;
			files = (
				83BC4F552064E21200DAA49D /* LaunchScreen.storyboard in Resources */,
				83BC4F522064E21200DAA49D /* Assets.xcassets in Resources */,
				83BC4F502064E21200DAA49D /* Main.storyboard in Resources */,
			);
			runOnlyForDeploymentPostprocessing = 0;
		};
		83BC4F592064E21200DAA49D /* Resources */ = {
			isa = PBXResourcesBuildPhase;
			buildActionMask = 2147483647;
			files = (
			);
			runOnlyForDeploymentPostprocessing = 0;
		};
		83BC4F642064E21200DAA49D /* Resources */ = {
			isa = PBXResourcesBuildPhase;
			buildActionMask = 2147483647;
			files = (
			);
			runOnlyForDeploymentPostprocessing = 0;
		};
/* End PBXResourcesBuildPhase section */

/* Begin PBXSourcesBuildPhase section */
		83BC4F432064E21200DAA49D /* Sources */ = {
			isa = PBXSourcesBuildPhase;
			buildActionMask = 2147483647;
			files = (
				83BC4F4D2064E21200DAA49D /* ViewController.swift in Sources */,
				83BC4F4B2064E21200DAA49D /* AppDelegate.swift in Sources */,
			);
			runOnlyForDeploymentPostprocessing = 0;
		};
		83BC4F572064E21200DAA49D /* Sources */ = {
			isa = PBXSourcesBuildPhase;
			buildActionMask = 2147483647;
			files = (
				83BC4F602064E21200DAA49D /* JHLesson10___PickerTests.swift in Sources */,
			);
			runOnlyForDeploymentPostprocessing = 0;
		};
		83BC4F622064E21200DAA49D /* Sources */ = {
			isa = PBXSourcesBuildPhase;
			buildActionMask = 2147483647;
			files = (
				83BC4F6B2064E21200DAA49D /* JHLesson10___PickerUITests.swift in Sources */,
			);
			runOnlyForDeploymentPostprocessing = 0;
		};
/* End PBXSourcesBuildPhase section */

/* Begin PBXTargetDependency section */
		83BC4F5D2064E21200DAA49D /* PBXTargetDependency */ = {
			isa = PBXTargetDependency;
			target = 83BC4F462064E21200DAA49D /* JHLesson10 - Picker */;
			targetProxy = 83BC4F5C2064E21200DAA49D /* PBXContainerItemProxy */;
		};
		83BC4F682064E21200DAA49D /* PBXTargetDependency */ = {
			isa = PBXTargetDependency;
			target = 83BC4F462064E21200DAA49D /* JHLesson10 - Picker */;
			targetProxy = 83BC4F672064E21200DAA49D /* PBXContainerItemProxy */;
		};
/* End PBXTargetDependency section */

/* Begin PBXVariantGroup section */
		83BC4F4E2064E21200DAA49D /* Main.storyboard */ = {
			isa = PBXVariantGroup;
			children = (
				83BC4F4F2064E21200DAA49D /* Base */,
			);
			name = Main.storyboard;
			sourceTree = "<group>";
		};
		83BC4F532064E21200DAA49D /* LaunchScreen.storyboard */ = {
			isa = PBXVariantGroup;
			children = (
				83BC4F542064E21200DAA49D /* Base */,
			);
			name = LaunchScreen.storyboard;
			sourceTree = "<group>";
		};
/* End PBXVariantGroup section */

/* Begin XCBuildConfiguration section */
		83BC4F6D2064E21200DAA49D /* Debug */ = {
			isa = XCBuildConfiguration;
			buildSettings = {
				ALWAYS_SEARCH_USER_PATHS = NO;
				CLANG_ANALYZER_NONNULL = YES;
				CLANG_ANALYZER_NUMBER_OBJECT_CONVERSION = YES_AGGRESSIVE;
				CLANG_CXX_LANGUAGE_STANDARD = "gnu++14";
				CLANG_CXX_LIBRARY = "libc++";
				CLANG_ENABLE_MODULES = YES;
				CLANG_ENABLE_OBJC_ARC = YES;
				CLANG_WARN_BLOCK_CAPTURE_AUTORELEASING = YES;
				CLANG_WARN_BOOL_CONVERSION = YES;
				CLANG_WARN_COMMA = YES;
				CLANG_WARN_CONSTANT_CONVERSION = YES;
				CLANG_WARN_DIRECT_OBJC_ISA_USAGE = YES_ERROR;
				CLANG_WARN_DOCUMENTATION_COMMENTS = YES;
				CLANG_WARN_EMPTY_BODY = YES;
				CLANG_WARN_ENUM_CONVERSION = YES;
				CLANG_WARN_INFINITE_RECURSION = YES;
				CLANG_WARN_INT_CONVERSION = YES;
				CLANG_WARN_NON_LITERAL_NULL_CONVERSION = YES;
				CLANG_WARN_OBJC_LITERAL_CONVERSION = YES;
				CLANG_WARN_OBJC_ROOT_CLASS = YES_ERROR;
				CLANG_WARN_RANGE_LOOP_ANALYSIS = YES;
				CLANG_WARN_STRICT_PROTOTYPES = YES;
				CLANG_WARN_SUSPICIOUS_MOVE = YES;
				CLANG_WARN_UNGUARDED_AVAILABILITY = YES_AGGRESSIVE;
				CLANG_WARN_UNREACHABLE_CODE = YES;
				CLANG_WARN__DUPLICATE_METHOD_MATCH = YES;
				CODE_SIGN_IDENTITY = "iPhone Developer";
				COPY_PHASE_STRIP = NO;
				DEBUG_INFORMATION_FORMAT = dwarf;
				ENABLE_STRICT_OBJC_MSGSEND = YES;
				ENABLE_TESTABILITY = YES;
				GCC_C_LANGUAGE_STANDARD = gnu11;
				GCC_DYNAMIC_NO_PIC = NO;
				GCC_NO_COMMON_BLOCKS = YES;
				GCC_OPTIMIZATION_LEVEL = 0;
				GCC_PREPROCESSOR_DEFINITIONS = (
					"DEBUG=1",
					"$(inherited)",
				);
				GCC_WARN_64_TO_32_BIT_CONVERSION = YES;
				GCC_WARN_ABOUT_RETURN_TYPE = YES_ERROR;
				GCC_WARN_UNDECLARED_SELECTOR = YES;
				GCC_WARN_UNINITIALIZED_AUTOS = YES_AGGRESSIVE;
				GCC_WARN_UNUSED_FUNCTION = YES;
				GCC_WARN_UNUSED_VARIABLE = YES;
				IPHONEOS_DEPLOYMENT_TARGET = 11.2;
				MTL_ENABLE_DEBUG_INFO = YES;
				ONLY_ACTIVE_ARCH = YES;
				SDKROOT = iphoneos;
				SWIFT_ACTIVE_COMPILATION_CONDITIONS = DEBUG;
				SWIFT_OPTIMIZATION_LEVEL = "-Onone";
			};
			name = Debug;
		};
		83BC4F6E2064E21200DAA49D /* Release */ = {
			isa = XCBuildConfiguration;
			buildSettings = {
				ALWAYS_SEARCH_USER_PATHS = NO;
				CLANG_ANALYZER_NONNULL = YES;
				CLANG_ANALYZER_NUMBER_OBJECT_CONVERSION = YES_AGGRESSIVE;
				CLANG_CXX_LANGUAGE_STANDARD = "gnu++14";
				CLANG_CXX_LIBRARY = "libc++";
				CLANG_ENABLE_MODULES = YES;
				CLANG_ENABLE_OBJC_ARC = YES;
				CLANG_WARN_BLOCK_CAPTURE_AUTORELEASING = YES;
				CLANG_WARN_BOOL_CONVERSION = YES;
				CLANG_WARN_COMMA = YES;
				CLANG_WARN_CONSTANT_CONVERSION = YES;
				CLANG_WARN_DIRECT_OBJC_ISA_USAGE = YES_ERROR;
				CLANG_WARN_DOCUMENTATION_COMMENTS = YES;
				CLANG_WARN_EMPTY_BODY = YES;
				CLANG_WARN_ENUM_CONVERSION = YES;
				CLANG_WARN_INFINITE_RECURSION = YES;
				CLANG_WARN_INT_CONVERSION = YES;
				CLANG_WARN_NON_LITERAL_NULL_CONVERSION = YES;
				CLANG_WARN_OBJC_LITERAL_CONVERSION = YES;
				CLANG_WARN_OBJC_ROOT_CLASS = YES_ERROR;
				CLANG_WARN_RANGE_LOOP_ANALYSIS = YES;
				CLANG_WARN_STRICT_PROTOTYPES = YES;
				CLANG_WARN_SUSPICIOUS_MOVE = YES;
				CLANG_WARN_UNGUARDED_AVAILABILITY = YES_AGGRESSIVE;
				CLANG_WARN_UNREACHABLE_CODE = YES;
				CLANG_WARN__DUPLICATE_METHOD_MATCH = YES;
				CODE_SIGN_IDENTITY = "iPhone Developer";
				COPY_PHASE_STRIP = NO;
				DEBUG_INFORMATION_FORMAT = "dwarf-with-dsym";
				ENABLE_NS_ASSERTIONS = NO;
				ENABLE_STRICT_OBJC_MSGSEND = YES;
				GCC_C_LANGUAGE_STANDARD = gnu11;
				GCC_NO_COMMON_BLOCKS = YES;
				GCC_WARN_64_TO_32_BIT_CONVERSION = YES;
				GCC_WARN_ABOUT_RETURN_TYPE = YES_ERROR;
				GCC_WARN_UNDECLARED_SELECTOR = YES;
				GCC_WARN_UNINITIALIZED_AUTOS = YES_AGGRESSIVE;
				GCC_WARN_UNUSED_FUNCTION = YES;
				GCC_WARN_UNUSED_VARIABLE = YES;
				IPHONEOS_DEPLOYMENT_TARGET = 11.2;
				MTL_ENABLE_DEBUG_INFO = NO;
				SDKROOT = iphoneos;
				SWIFT_OPTIMIZATION_LEVEL = "-Owholemodule";
				VALIDATE_PRODUCT = YES;
			};
			name = Release;
		};
		83BC4F702064E21200DAA49D /* Debug */ = {
			isa = XCBuildConfiguration;
			buildSettings = {
				ASSETCATALOG_COMPILER_APPICON_NAME = AppIcon;
				CODE_SIGN_STYLE = Automatic;
				DEVELOPMENT_TEAM = NCL7PFSHB3;
				INFOPLIST_FILE = "JHLesson10 - Picker/Info.plist";
				LD_RUNPATH_SEARCH_PATHS = "$(inherited) @executable_path/Frameworks";
				PRODUCT_BUNDLE_IDENTIFIER = "JHSwift.JHLesson10---Picker";
				PRODUCT_NAME = "$(TARGET_NAME)";
				SWIFT_VERSION = 4.0;
				TARGETED_DEVICE_FAMILY = "1,2";
			};
			name = Debug;
		};
		83BC4F712064E21200DAA49D /* Release */ = {
			isa = XCBuildConfiguration;
			buildSettings = {
				ASSETCATALOG_COMPILER_APPICON_NAME = AppIcon;
				CODE_SIGN_STYLE = Automatic;
				DEVELOPMENT_TEAM = NCL7PFSHB3;
				INFOPLIST_FILE = "JHLesson10 - Picker/Info.plist";
				LD_RUNPATH_SEARCH_PATHS = "$(inherited) @executable_path/Frameworks";
				PRODUCT_BUNDLE_IDENTIFIER = "JHSwift.JHLesson10---Picker";
				PRODUCT_NAME = "$(TARGET_NAME)";
				SWIFT_VERSION = 4.0;
				TARGETED_DEVICE_FAMILY = "1,2";
			};
			name = Release;
		};
		83BC4F732064E21200DAA49D /* Debug */ = {
			isa = XCBuildConfiguration;
			buildSettings = {
				ALWAYS_EMBED_SWIFT_STANDARD_LIBRARIES = YES;
				BUNDLE_LOADER = "$(TEST_HOST)";
				CODE_SIGN_STYLE = Automatic;
				INFOPLIST_FILE = "JHLesson10 - PickerTests/Info.plist";
				LD_RUNPATH_SEARCH_PATHS = "$(inherited) @executable_path/Frameworks @loader_path/Frameworks";
				PRODUCT_BUNDLE_IDENTIFIER = "JHSwift.JHLesson10---PickerTests";
				PRODUCT_NAME = "$(TARGET_NAME)";
				SWIFT_VERSION = 4.0;
				TARGETED_DEVICE_FAMILY = "1,2";
				TEST_HOST = "$(BUILT_PRODUCTS_DIR)/JHLesson10 - Picker.app/JHLesson10 - Picker";
			};
			name = Debug;
		};
		83BC4F742064E21200DAA49D /* Release */ = {
			isa = XCBuildConfiguration;
			buildSettings = {
				ALWAYS_EMBED_SWIFT_STANDARD_LIBRARIES = YES;
				BUNDLE_LOADER = "$(TEST_HOST)";
				CODE_SIGN_STYLE = Automatic;
				INFOPLIST_FILE = "JHLesson10 - PickerTests/Info.plist";
				LD_RUNPATH_SEARCH_PATHS = "$(inherited) @executable_path/Frameworks @loader_path/Frameworks";
				PRODUCT_BUNDLE_IDENTIFIER = "JHSwift.JHLesson10---PickerTests";
				PRODUCT_NAME = "$(TARGET_NAME)";
				SWIFT_VERSION = 4.0;
				TARGETED_DEVICE_FAMILY = "1,2";
				TEST_HOST = "$(BUILT_PRODUCTS_DIR)/JHLesson10 - Picker.app/JHLesson10 - Picker";
			};
			name = Release;
		};
		83BC4F762064E21200DAA49D /* Debug */ = {
			isa = XCBuildConfiguration;
			buildSettings = {
				ALWAYS_EMBED_SWIFT_STANDARD_LIBRARIES = YES;
				CODE_SIGN_STYLE = Automatic;
				INFOPLIST_FILE = "JHLesson10 - PickerUITests/Info.plist";
				LD_RUNPATH_SEARCH_PATHS = "$(inherited) @executable_path/Frameworks @loader_path/Frameworks";
				PRODUCT_BUNDLE_IDENTIFIER = "JHSwift.JHLesson10---PickerUITests";
				PRODUCT_NAME = "$(TARGET_NAME)";
				SWIFT_VERSION = 4.0;
				TARGETED_DEVICE_FAMILY = "1,2";
				TEST_TARGET_NAME = "JHLesson10 - Picker";
			};
			name = Debug;
		};
		83BC4F772064E21200DAA49D /* Release */ = {
			isa = XCBuildConfiguration;
			buildSettings = {
				ALWAYS_EMBED_SWIFT_STANDARD_LIBRARIES = YES;
				CODE_SIGN_STYLE = Automatic;
				INFOPLIST_FILE = "JHLesson10 - PickerUITests/Info.plist";
				LD_RUNPATH_SEARCH_PATHS = "$(inherited) @executable_path/Frameworks @loader_path/Frameworks";
				PRODUCT_BUNDLE_IDENTIFIER = "JHSwift.JHLesson10---PickerUITests";
				PRODUCT_NAME = "$(TARGET_NAME)";
				SWIFT_VERSION = 4.0;
				TARGETED_DEVICE_FAMILY = "1,2";
				TEST_TARGET_NAME = "JHLesson10 - Picker";
			};
			name = Release;
		};
/* End XCBuildConfiguration section */

/* Begin XCConfigurationList section */
		83BC4F422064E21200DAA49D /* Build configuration list for PBXProject "JHLesson10 - Picker" */ = {
			isa = XCConfigurationList;
			buildConfigurations = (
				83BC4F6D2064E21200DAA49D /* Debug */,
				83BC4F6E2064E21200DAA49D /* Release */,
			);
			defaultConfigurationIsVisible = 0;
			defaultConfigurationName = Release;
		};
		83BC4F6F2064E21200DAA49D /* Build configuration list for PBXNativeTarget "JHLesson10 - Picker" */ = {
			isa = XCConfigurationList;
			buildConfigurations = (
				83BC4F702064E21200DAA49D /* Debug */,
				83BC4F712064E21200DAA49D /* Release */,
			);
			defaultConfigurationIsVisible = 0;
			defaultConfigurationName = Release;
		};
		83BC4F722064E21200DAA49D /* Build configuration list for PBXNativeTarget "JHLesson10 - PickerTests" */ = {
			isa = XCConfigurationList;
			buildConfigurations = (
				83BC4F732064E21200DAA49D /* Debug */,
				83BC4F742064E21200DAA49D /* Release */,
			);
			defaultConfigurationIsVisible = 0;
			defaultConfigurationName = Release;
		};
		83BC4F752064E21200DAA49D /* Build configuration list for PBXNativeTarget "JHLesson10 - PickerUITests" */ = {
			isa = XCConfigurationList;
			buildConfigurations = (
				83BC4F762064E21200DAA49D /* Debug */,
				83BC4F772064E21200DAA49D /* Release */,
			);
			defaultConfigurationIsVisible = 0;
			defaultConfigurationName = Release;
		};
/* End XCConfigurationList section */
	};
	rootObject = 83BC4F3F2064E21200DAA49D /* Project object */;
}
